# THIS IS AN AUTOGENERATED FILE. DO NOT EDIT THIS FILE DIRECTLY.
# yarn lockfile v1


babel-plugin-root-import@^6.4.1:
  version "6.4.1"
  resolved "https://registry.yarnpkg.com/babel-plugin-root-import/-/babel-plugin-root-import-6.4.1.tgz#5c0dfe7588778b1933764c913fa3ed1c78150bf6"
  dependencies:
    slash "^3.0.0"

debug@^2.2.0:
  version "2.6.9"
  resolved "https://registry.yarnpkg.com/debug/-/debug-2.6.9.tgz#5d128515df134ff327e90a4c93f4e077a536341f"
  dependencies:
    ms "2.0.0"

eslint-import-resolver-babel-plugin-root-import@^1.1.1:
  version "1.1.1"
  resolved "https://registry.yarnpkg.com/eslint-import-resolver-babel-plugin-root-import/-/eslint-import-resolver-babel-plugin-root-import-1.1.1.tgz#b060f1177557918389f7ed476e5b36a43854a381"
  dependencies:
    eslint-import-resolver-node "^0.2.1"
    json5 "^0.5.0"

eslint-import-resolver-node@^0.2.1:
  version "0.2.3"
  resolved "https://registry.yarnpkg.com/eslint-import-resolver-node/-/eslint-import-resolver-node-0.2.3.tgz#5add8106e8c928db2cba232bcd9efa846e3da16c"
  dependencies:
    debug "^2.2.0"
    object-assign "^4.0.1"
    resolve "^1.1.6"

json5@^0.5.0:
  version "0.5.1"
  resolved "https://registry.yarnpkg.com/json5/-/json5-0.5.1.tgz#1eade7acc012034ad84e2396767ead9fa5495821"

ms@2.0.0:
  version "2.0.0"
  resolved "https://registry.yarnpkg.com/ms/-/ms-2.0.0.tgz#5608aeadfc00be6c2901df5f9861788de0d597c8"

object-assign@^4.0.1:
  version "4.1.1"
  resolved "https://registry.yarnpkg.com/object-assign/-/object-assign-4.1.1.tgz#2109adc7965887cfc05cbbd442cac8bfbb360863"

path-parse@^1.0.6:
  version "1.0.6"
  resolved "https://registry.yarnpkg.com/path-parse/-/path-parse-1.0.6.tgz#d62dbb5679405d72c4737ec58600e9ddcf06d24c"

resolve@^1.1.6:
  version "1.12.0"
  resolved "https://registry.yarnpkg.com/resolve/-/resolve-1.12.0.tgz#3fc644a35c84a48554609ff26ec52b66fa577df6"
  dependencies:
    path-parse "^1.0.6"

slash@^3.0.0:
  version "3.0.0"
  resolved "https://registry.yarnpkg.com/slash/-/slash-3.0.0.tgz#6539be870c165adbd5240220dbe361f1bc4d4634"
